github.com/DATA-DOG/go-sqlmock v1.3.3/go.mod h1:f/Ixk793poVmq4qj/V1dPUg2JEAKC73Q5eFN3EC/SaM=
github.com/gdamore/encoding v1.0.0 h1:+7OoQ1Bc6eTm5niUzBa0Ctsh6JbMW6Ra+YNuAtDBdko=
github.com/gdamore/encoding v1.0.0/go.mod h1:alR0ol34c49FCSBLjhosxzcPHQbf2trDkoo5dl+VrEg=
github.com/gdamore/tcell v1.1.2 h1:Afe8cU6SECC06UmvaJ55Jr3Eh0tz/ywLjqWYqjGZp3s=
github.com/gdamore/tcell v1.1.2/go.mod h1:h3kq4HO9l2On+V9ed8w8ewqQEmGCSSHOgQ+2h8uzurE=
github.com/go-gl/glfw v0.0.0-20181213070059-819e8ce5125f h1:7MsFMbSn8Lcw0blK4+NEOf8DuHoOBDhJsHz04yh13pM=
github.com/go-gl/glfw v0.0.0-20181213070059-819e8ce5125f/go.mod h1:vR7hzQXu2zJy9AVAgeJqvqgH9Q5CA+iKCZ2gyEVpxRU=
github.com/gofrs/flock v0.7.0/go.mod h1:F1TvTiK9OcQqauNUHlbJvyl9Qa1QvF/gOUDKA14jxHU=
github.com/golang/freetype v0.0.0-20170609003504-e2365dfdc4a0/go.mod h1:E/TSTwGwJL78qG/PmXZO1EjYhfJinVAhrmmHX6Z8B9k=
github.com/gopherjs/gopherjs v0.0.0-20180628210949-0892b62f0d9f/go.mod h1:wJfORRmW1u3UXTncJ5qlYoELFm8eSnnEO6hX4iZ3EWY=
github.com/gopherjs/gopherjs v0.0.0-20180825215210-0210a2f0f73c/go.mod h1:wJfORRmW1u3UXTncJ5qlYoELFm8eSnnEO6hX4iZ3EWY=
github.com/gopherjs/gopherwasm v0.1.1/go.mod h1:kx4n9a+MzHH0BJJhvlsQ65hqLFXDO/m256AsaDPQ+/4=
github.com/gopherjs/gopherwasm v1.0.0/go.mod h1:SkZ8z7CWBz5VXbhJel8TxCmAcsQqzgWGR/8nMhyhZSI=
github.com/gopherjs/gopherwasm v1.1.0/go.mod h1:SkZ8z7CWBz5VXbhJel8TxCmAcsQqzgWGR/8nMhyhZSI=
github.com/hajimehoshi/bitmapfont v1.1.1/go.mod h1:Hamfxgney7tDSmVOSDh2AWzoDH70OaC+P24zc02Gum4=
github.com/hajimehoshi/ebiten v1.9.3 h1:YijWGMBwH2XA1ZytUQFy33UDHeCSS6d4JZKH1wq38O0=
github.com/hajimehoshi/ebiten v1.9.3/go.mod h1:XxiJ4Eltvb1KmcD0i6F81eIB1asJhK47y5DC+FPkyso=
github.com/hajimehoshi/go-mp3 v0.2.0/go.mod h1:4i+c5pDNKDrxl1iu9iG90/+fhP37lio6gNhjCx9WBJw=
github.com/hajimehoshi/oto v0.1.1/go.mod h1:hUiLWeBQnbDu4pZsAhOnGqMI1ZGibS6e2qhQdfpwz04=
github.com/hajimehoshi/oto v0.3.3/go.mod h1:e9eTLBB9iZto045HLbzfHJIc+jP3xaKrjZTghvb6fdM=
github.com/jakecoffman/cp v0.1.0/go.mod h1:a3xPx9N8RyFAACD644t2dj/nK4SuLg1v+jL61m2yVo4=
github.com/jfreymuth/oggvorbis v1.0.0/go.mod h1:abe6F9QRjuU9l+2jek3gj46lu40N4qlYxh2grqkLEDM=
github.com/jfreymuth/vorbis v1.0.0/go.mod h1:8zy3lUAm9K/rJJk223RKy6vjCZTWC61NA2QD06bfOE0=
github.com/kettek/goro v0.0.0-20190621012139-e8ee6f570a89 h1:srKP1QGpBlVEf5I4TA9nA/eRLC5sGnCinUBKyi2sJgQ=
github.com/kettek/goro v0.0.0-20190621012139-e8ee6f570a89/go.mod h1:wwgugDvR3Lhzz0hvCpjEFbu12RmCvkLDDYSzM3ILeww=
github.com/kettek/goro v0.0.0-20190621162724-e1aa755b9b0a h1:24tYRUL2wWAe656b9ZArTc1R0W1hQKZZqA/IzRhKcRU=
github.com/kettek/goro v0.0.0-20190621162724-e1aa755b9b0a/go.mod h1:wwgugDvR3Lhzz0hvCpjEFbu12RmCvkLDDYSzM3ILeww=
github.com/kettek/goro v0.0.0-20190625061414-b4df0c91e4ad h1:p44GBZPDjN+as02eyUrtkOnSSOnQV0IMLwEUzK43DPA=
github.com/kettek/goro v0.0.0-20190625061414-b4df0c91e4ad/go.mod h1:wwgugDvR3Lhzz0hvCpjEFbu12RmCvkLDDYSzM3ILeww=
github.com/kettek/goro v0.0.0-20190628110441-b0654f84476e h1:VzhrKdQGvYjXaJsx+kHgnqfa+O0Ga9cRbeA7Qju21j4=
github.com/kettek/goro v0.0.0-20190628110441-b0654f84476e/go.mod h1:wwgugDvR3Lhzz0hvCpjEFbu12RmCvkLDDYSzM3ILeww=
github.com/kettek/goro v0.0.0-20190628112246-158d1ef44ccf h1:Ji1CxJkG5DMTpjl6jzB3P9P6xEwOa4bNrHMa/DwiIVk=
github.com/kettek/goro v0.0.0-20190628112246-158d1ef44ccf/go.mod h1:wwgugDvR3Lhzz0hvCpjEFbu12RmCvkLDDYSzM3ILeww=
github.com/kettek/goro v0.0.0-20190628112516-367bd4da11ad h1:FmNKm0GcWEFN8Q3zlVqOIJngp2XI0HiK9svVJLJYzN4=
github.com/kettek/goro v0.0.0-20190628112516-367bd4da11ad/go.mod h1:wwgugDvR3Lhzz0hvCpjEFbu12RmCvkLDDYSzM3ILeww=
github.com/kettek/goro v0.0.0-20190704234653-72a773e1a04c h1:Lds8Kb/R5rsnEFl6rsDO3uN+ZwuqN/35tn+kPD3V77k=
github.com/kettek/goro v0.0.0-20190704234653-72a773e1a04c/go.mod h1:wwgugDvR3Lhzz0hvCpjEFbu12RmCvkLDDYSzM3ILeww=
github.com/kettek/goro v0.0.0-20190705003807-8dd2d934e481 h1:Wsv6I3OXkbgucNDqtDQvjsQlQSuti7lAwq6wuddcOyo=
github.com/kettek/goro v0.0.0-20190705003807-8dd2d934e481/go.mod h1:wwgugDvR3Lhzz0hvCpjEFbu12RmCvkLDDYSzM3ILeww=
github.com/kettek/goro v0.0.0-20190705012104-ed9615320a6e h1:t07JexfgD8U2+aibAVb1zUimv+QzvoIZJv2X/KJgnSk=
github.com/kettek/goro v0.0.0-20190705012104-ed9615320a6e/go.mod h1:wwgugDvR3Lhzz0hvCpjEFbu12RmCvkLDDYSzM3ILeww=
github.com/kettek/goro v0.0.0-20190705020024-f335d031077a h1:HVnZ50YsfHjXVTmMt44OIip35P5biAS7c/643mz7zHs=
github.com/kettek/goro v0.0.0-20190705020024-f335d031077a/go.mod h1:wwgugDvR3Lhzz0hvCpjEFbu12RmCvkLDDYSzM3ILeww=
github.com/kettek/goro v0.0.0-20190705020711-e0dde92a857a h1:dFncX8wQZ4NsqDidPe/8ok1UU6aMNC+yAZOAmF/7dKw=
github.com/kettek/goro v0.0.0-20190705020711-e0dde92a857a/go.mod h1:wwgugDvR3Lhzz0hvCpjEFbu12RmCvkLDDYSzM3ILeww=
github.com/kettek/goro v0.0.0-20190705021739-74de2524068c h1:nex1PJ+/I74Xjdqj9TXLCLJtAGTPGRs8KTBqEZwm6Vs=
github.com/kettek/goro v0.0.0-20190705021739-74de2524068c/go.mod h1:wwgugDvR3Lhzz0hvCpjEFbu12RmCvkLDDYSzM3ILeww=
github.com/kettek/goro v0.0.0-20190705022757-c208054b7c3c h1:c3+b7DqUKq+9rdWWsI9TiM5m2HZVWj3UIRaPAWSC6lA=
github.com/kettek/goro v0.0.0-20190705022757-c208054b7c3c/go.mod h1:wwgugDvR3Lhzz0hvCpjEFbu12RmCvkLDDYSzM3ILeww=
github.com/kettek/goro v0.0.0-20190705071121-10264df157ba h1:6rM0I4xrnoXGWPmNFk2EwYaw7eOT9Ygik1BoehJ0dUc=
github.com/kettek/goro v0.0.0-20190705071121-10264df157ba/go.mod h1:wwgugDvR3Lhzz0hvCpjEFbu12RmCvkLDDYSzM3ILeww=
github.com/kettek/goro v0.0.0-20190705072208-1abdd6db71f1 h1:A6c8LmzHY9jr0OCGc+hxK1HojYevnwThn0UyzUeNRto=
github.com/kettek/goro v0.0.0-20190705072208-1abdd6db71f1/go.mod h1:wwgugDvR3Lhzz0hvCpjEFbu12RmCvkLDDYSzM3ILeww=
github.com/kr/pretty v0.1.0/go.mod h1:dAy3ld7l9f0ibDNOQOHHMYYIIbhfbHSm3C4ZsoJORNo=
github.com/kr/pty v1.1.1/go.mod h1:pFQYn66WHrOpPYNljwOMqo10TkYh1fy3cYio2l3bCsQ=
github.com/kr/text v0.1.0/go.mod h1:4Jbv+DJW3UT/LiOwJeYQe1efqtUx/iVham/4vfdArNI=
github.com/lucasb-eyer/go-colorful v1.0.2 h1:mCMFu6PgSozg9tDNMMK3g18oJBX7oYGrC09mS6CXfO4=
github.com/lucasb-eyer/go-colorful v1.0.2/go.mod h1:0MS4r+7BZKSJ5mw4/S5MPN+qHFF1fYclkSPilDOKW0s=
github.com/mattn/go-runewidth v0.0.4 h1:2BvfKmzob6Bmd4YsL0zygOqfdFnK7GR4QL06Do4/p7Y=
github.com/mattn/go-runewidth v0.0.4/go.mod h1:LwmH8dsx7+W8Uxz3IHJYH5QSwggIsqBzpuz5H//U1FU=
golang.org/x/exp v0.0.0-20180710024300-14dda7b62fcd/go.mod h1:CJ0aWSM057203Lf6IL+f9T1iT9GByDxfZKAQTCR3kQA=
golang.org/x/image v0.0.0-20180708004352-c73c2afc3b81/go.mod h1:ux5Hcp/YLpHSI86hEcLt0YII63i6oz57MZXIpbrjZUs=
golang.org/x/image v0.0.0-20180926015637-991ec62608f3/go.mod h1:ux5Hcp/YLpHSI86hEcLt0YII63i6oz57MZXIpbrjZUs=
golang.org/x/image v0.0.0-20190118043309-183bebdce1b2/go.mod h1:ux5Hcp/YLpHSI86hEcLt0YII63i6oz57MZXIpbrjZUs=
golang.org/x/mobile v0.0.0-20180806140643-507816974b79/go.mod h1:z+o9i4GpDbdi3rU15maQ/Ox0txvL9dWGYEHz965HBQE=
golang.org/x/mobile v0.0.0-20190127143845-a42111704963/go.mod h1:z+o9i4GpDbdi3rU15maQ/Ox0txvL9dWGYEHz965HBQE=
golang.org/x/sync v0.0.0-20181221193216-37e7f081c4d4/go.mod h1:RxMgew5VJxzue5/jJTE5uejpjVlOe/izrB70Jof72aM=
golang.org/x/sys v0.0.0-20181228144115-9a3f9b0469bb/go.mod h1:STP8DvDyc/dI5b8T5hshtkjS+E42TnysNCUPdjciGhY=
golang.org/x/sys v0.0.0-20190203050204-7ae0202eb74c/go.mod h1:STP8DvDyc/dI5b8T5hshtkjS+E42TnysNCUPdjciGhY=
golang.org/x/text v0.3.0 h1:g61tztE5qeGQ89tm6NTjjM9VPIm088od1l6aSorWRWg=
golang.org/x/text v0.3.0/go.mod h1:NqM8EUOU14njkJ3fqMW+pc6Ldnwhi/IjpwHt7yyuwOQ=
golang.org/x/tools v0.0.0-20190202235157-7414d4c1f71c/go.mod h1:n7NCudcB/nEzxVGmLbDWY5pfWTLqBcC2KZ6jyYvM4mQ=
gopkg.in/check.v1 v1.0.0-20180628173108-788fd7840127/go.mod h1:Co6ibVJAznAaIkqp8huTwlJQCZ016jof/cbN4VW5Yz0=
